Microsoft Visual Studio Solution File, Format Version 12.00
# Visual Studio Version 17
VisualStudioVersion = 17.5.2.0
MinimumVisualStudioVersion = 10.0.40219.1
Project("{FAE04EC0-301F-11D3-BF4B-00C04F79EFBC}") = "ComicRental", "ComicRental.csproj", "{0D9697C2-6F90-9699-B204-0B38BD3F2B54}"
EndProject
Global
	GlobalSection(SolutionConfigurationPlatforms) = preSolution
		Debug|Any CPU = Debug|Any CPU
		Release|Any CPU = Release|Any CPU
	EndGlobalSection
	GlobalSection(ProjectConfigurationPlatforms) = postSolution
		{0D9697C2-6F90-9699-B204-0B38BD3F2B54}.Debug|Any CPU.ActiveCfg = Debug|Any CPU
		{0D9697C2-6F90-9699-B204-0B38BD3F2B54}.Debug|Any CPU.Build.0 = Debug|Any CPU
		{0D9697C2-6F90-9699-B204-0B38BD3F2B54}.Release|Any CPU.ActiveCfg = Release|Any CPU
		{0D9697C2-6F90-9699-B204-0B38BD3F2B54}.Release|Any CPU.Build.0 = Release|Any CPU
	EndGlobalSection
	GlobalSection(SolutionProperties) = preSolution
		HideSolutionNode = FALSE
	EndGlobalSection
	GlobalSection(ExtensibilityGlobals) = postSolution
		SolutionGuid = {D10CE9CF-B42D-4719-BAB4-011F0305A766}
	EndGlobalSection
EndGlobal
